// !$*UTF8*$!
{
	archiveVersion = 1;
	classes = {
	};
	objectVersion = 50;
	objects = {

/* Begin PBXBuildFile section */
		2CFE15EC22B8D9A800B4B359 /* AppDelegate.m in Sources */ = {isa = PBXBuildFile; fileRef = 2CFE15EB22B8D9A800B4B359 /* AppDelegate.m */; };
		2CFE15F222B8D9A800B4B359 /* Main.storyboard in Resources */ = {isa = PBXBuildFile; fileRef = 2CFE15F022B8D9A800B4B359 /* Main.storyboard */; };
		2CFE15F422B8D9AA00B4B359 /* Assets.xcassets in Resources */ = {isa = PBXBuildFile; fileRef = 2CFE15F322B8D9AA00B4B359 /* Assets.xcassets */; };
		2CFE15FA22B8D9AA00B4B359 /* main.m in Sources */ = {isa = PBXBuildFile; fileRef = 2CFE15F922B8D9AA00B4B359 /* main.m */; };
		2CFE160222B8D9CF00B4B359 /* WebKit.framework in Frameworks */ = {isa = PBXBuildFile; fileRef = 2CFE160122B8D9CF00B4B359 /* WebKit.framework */; };
		2CFE160422B8D9ED00B4B359 /* Launch Screen.storyboard in Resources */ = {isa = PBXBuildFile; fileRef = 2CFE160322B8D9ED00B4B359 /* Launch Screen.storyboard */; };
		2CFE160722B8DE5B00B4B359 /* WebViewController.m in Sources */ = {isa = PBXBuildFile; fileRef = 2CFE160622B8DE5B00B4B359 /* WebViewController.m */; };
/* End PBXBuildFile section */

/* Begin PBXFileReference section */
		2CFE15E722B8D9A800B4B359 /* MiniSafari.app */ = {isa = PBXFileReference; explicitFileType = wrapper.application; includeInIndex = 0; path = MiniSafari.app; sourceTree = BUILT_PRODUCTS_DIR; };
		2CFE15EA22B8D9A800B4B359 /* AppDelegate.h */ = {isa = PBXFileReference; lastKnownFileType = sourcecode.c.h; path = AppDelegate.h; sourceTree = "<group>"; };
		2CFE15EB22B8D9A800B4B359 /* AppDelegate.m */ = {isa = PBXFileReference; lastKnownFileType = sourcecode.c.objc; path = AppDelegate.m; sourceTree = "<group>"; };
		2CFE15F122B8D9A800B4B359 /* Base */ = {isa = PBXFileReference; lastKnownFileType = file.storyboard; name = Base; path = Base.lproj/Main.storyboard; sourceTree = "<group>"; };
		2CFE15F322B8D9AA00B4B359 /* Assets.xcassets */ = {isa = PBXFileReference; lastKnownFileType = folder.assetcatalog; path = Assets.xcassets; sourceTree = "<group>"; };
		2CFE15F822B8D9AA00B4B359 /* Info.plist */ = {isa = PBXFileReference; lastKnownFileType = text.plist.xml; path = Info.plist; sourceTree = "<group>"; };
		2CFE15F922B8D9AA00B4B359 /* main.m */ = {isa = PBXFileReference; lastKnownFileType = sourcecode.c.objc; path = main.m; sourceTree = "<group>"; };
		2CFE160122B8D9CF00B4B359 /* WebKit.framework */ = {isa = PBXFileReference; lastKnownFileType = wrapper.framework; name = WebKit.framework; path = System/Library/Frameworks/WebKit.framework; sourceTree = SDKROOT; };
		2CFE160322B8D9ED00B4B359 /* Launch Screen.storyboard */ = {isa = PBXFileReference; lastKnownFileType = file.storyboard; path = "Launch Screen.storyboard"; sourceTree = "<group>"; };
		2CFE160522B8DE5B00B4B359 /* WebViewController.h */ = {isa = PBXFileReference; lastKnownFileType = sourcecode.c.h; path = WebViewController.h; sourceTree = "<group>"; };
		2CFE160622B8DE5B00B4B359 /* WebViewController.m */ = {isa = PBXFileReference; lastKnownFileType = sourcecode.c.objc; path = WebViewController.m; sourceTree = "<group>"; };
/* End PBXFileReference section */

/* Begin PBXFrameworksBuildPhase section */
		2CFE15E422B8D9A800B4B359 /* Frameworks */ = {
			isa = PBXFrameworksBuildPhase;
			buildActionMask = 2147483647;
			files = (
				2CFE160222B8D9CF00B4B359 /* WebKit.framework in Frameworks */,
			);
			runOnlyForDeploymentPostprocessing = 0;
		};
/* End PBXFrameworksBuildPhase section */

/* Begin PBXGroup section */
		2CFE15DE22B8D9A800B4B359 = {
			isa = PBXGroup;
			children = (
				2CFE15E922B8D9A800B4B359 /* MiniSafari */,
				2CFE15E822B8D9A800B4B359 /* Products */,
				2CFE160022B8D9CF00B4B359 /* Frameworks */,
			);
			sourceTree = "<group>";
		};
		2CFE15E822B8D9A800B4B359 /* Products */ = {
			isa = PBXGroup;
			children = (
				2CFE15E722B8D9A800B4B359 /* MiniSafari.app */,
			);
			name = Products;
			sourceTree = "<group>";
		};
		2CFE15E922B8D9A800B4B359 /* MiniSafari */ = {
			isa = PBXGroup;
			children = (
				2CFE15EA22B8D9A800B4B359 /* AppDelegate.h */,
				2CFE15EB22B8D9A800B4B359 /* AppDelegate.m */,
				2CFE160522B8DE5B00B4B359 /* WebViewController.h */,
				2CFE160622B8DE5B00B4B359 /* WebViewController.m */,
				2CFE15F022B8D9A800B4B359 /* Main.storyboard */,
				2CFE15F322B8D9AA00B4B359 /* Assets.xcassets */,
				2CFE15F822B8D9AA00B4B359 /* Info.plist */,
				2CFE15F922B8D9AA00B4B359 /* main.m */,
				2CFE160322B8D9ED00B4B359 /* Launch Screen.storyboard */,
			);
			path = MiniSafari;
			sourceTree = "<group>";
		};
		2CFE160022B8D9CF00B4B359 /* Frameworks */ = {
			isa = PBXGroup;
			children = (
				2CFE160122B8D9CF00B4B359 /* WebKit.framework */,
			);
			name = Frameworks;
			sourceTree = "<group>";
		};
/* End PBXGroup section */

/* Begin PBXNativeTarget section */
		2CFE15E622B8D9A800B4B359 /* MiniSafari */ = {
			isa = PBXNativeTarget;
			buildConfigurationList = 2CFE15FD22B8D9AA00B4B359 /* Build configuration list for PBXNativeTarget "MiniSafari" */;
			buildPhases = (
				2CFE15E322B8D9A800B4B359 /* Sources */,
				2CFE15E422B8D9A800B4B359 /* Frameworks */,
				2CFE15E522B8D9A800B4B359 /* Resources */,
			);
			buildRules = (
			);
			dependencies = (
			);
			name = MiniSafari;
			productName = MiniSafari;
			productReference = 2CFE15E722B8D9A800B4B359 /* MiniSafari.app */;
			productType = "com.apple.product-type.application";
		};
/* End PBXNativeTarget section */

/* Begin PBXProject section */
		2CFE15DF22B8D9A800B4B359 /* Project object */ = {
			isa = PBXProject;
			attributes = {
				LastUpgradeCheck = 1020;
				ORGANIZATIONNAME = "Eduard Galchenko";
				TargetAttributes = {
					2CFE15E622B8D9A800B4B359 = {
						CreatedOnToolsVersion = 10.2.1;
					};
				};
			};
			buildConfigurationList = 2CFE15E222B8D9A800B4B359 /* Build configuration list for PBXProject "MiniSafari" */;
			compatibilityVersion = "Xcode 9.3";
			developmentRegion = en;
			hasScannedForEncodings = 0;
			knownRegions = (
				en,
				Base,
			);
			mainGroup = 2CFE15DE22B8D9A800B4B359;
			productRefGroup = 2CFE15E822B8D9A800B4B359 /* Products */;
			projectDirPath = "";
			projectRoot = "";
			targets = (
				2CFE15E622B8D9A800B4B359 /* MiniSafari */,
			);
		};
/* End PBXProject section */

/* Begin PBXResourcesBuildPhase section */
		2CFE15E522B8D9A800B4B359 /* Resources */ = {
			isa = PBXResourcesBuildPhase;
			buildActionMask = 2147483647;
			files = (
				2CFE160422B8D9ED00B4B359 /* Launch Screen.storyboard in Resources */,
				2CFE15F422B8D9AA00B4B359 /* Assets.xcassets in Resources */,
				2CFE15F222B8D9A800B4B359 /* Main.storyboard in Resources */,
			);
			runOnlyForDeploymentPostprocessing = 0;
		};
/* End PBXResourcesBuildPhase section */

/* Begin PBXSourcesBuildPhase section */
		2CFE15E322B8D9A800B4B359 /* Sources */ = {
			isa = PBXSourcesBuildPhase;
			buildActionMask = 2147483647;
			files = (
				2CFE15FA22B8D9AA00B4B359 /* main.m in Sources */,
				2CFE160722B8DE5B00B4B359 /* WebViewController.m in Sources */,
				2CFE15EC22B8D9A800B4B359 /* AppDelegate.m in Sources */,
			);
			runOnlyForDeploymentPostprocessing = 0;
		};
/* End PBXSourcesBuildPhase section */

/* Begin PBXVariantGroup section */
		2CFE15F022B8D9A800B4B359 /* Main.storyboard */ = {
			isa = PBXVariantGroup;
			children = (
				2CFE15F122B8D9A800B4B359 /* Base */,
			);
			name = Main.storyboard;
			sourceTree = "<group>";
		};
/* End PBXVariantGroup section */

/* Begin XCBuildConfiguration section */
		2CFE15FB22B8D9AA00B4B359 /* Debug */ = {
			isa = XCBuildConfiguration;
			buildSettings = {
				ALWAYS_SEARCH_USER_PATHS = NO;
				CLANG_ANALYZER_NONNULL = YES;
				CLANG_ANALYZER_NUMBER_OBJECT_CONVERSION = YES_AGGRESSIVE;
				CLANG_CXX_LANGUAGE_STANDARD = "gnu++14";
				CLANG_CXX_LIBRARY = "libc++";
				CLANG_ENABLE_MODULES = YES;
				CLANG_ENABLE_OBJC_ARC = YES;
				CLANG_ENABLE_OBJC_WEAK = YES;
				CLANG_WARN_BLOCK_CAPTURE_AUTORELEASING = YES;
				CLANG_WARN_BOOL_CONVERSION = YES;
				CLANG_WARN_COMMA = YES;
				CLANG_WARN_CONSTANT_CONVERSION = YES;
				CLANG_WARN_DEPRECATED_OBJC_IMPLEMENTATIONS = YES;
				CLANG_WARN_DIRECT_OBJC_ISA_USAGE = YES_ERROR;
				CLANG_WARN_DOCUMENTATION_COMMENTS = YES;
				CLANG_WARN_EMPTY_BODY = YES;
				CLANG_WARN_ENUM_CONVERSION = YES;
				CLANG_WARN_INFINITE_RECURSION = YES;
				CLANG_WARN_INT_CONVERSION = YES;
				CLANG_WARN_NON_LITERAL_NULL_CONVERSION = YES;
				CLANG_WARN_OBJC_IMPLICIT_RETAIN_SELF = YES;
				CLANG_WARN_OBJC_LITERAL_CONVERSION = YES;
				CLANG_WARN_OBJC_ROOT_CLASS = YES_ERROR;
				CLANG_WARN_RANGE_LOOP_ANALYSIS = YES;
				CLANG_WARN_STRICT_PROTOTYPES = YES;
				CLANG_WARN_SUSPICIOUS_MOVE = YES;
				CLANG_WARN_UNGUARDED_AVAILABILITY = YES_AGGRESSIVE;
				CLANG_WARN_UNREACHABLE_CODE = YES;
				CLANG_WARN__DUPLICATE_METHOD_MATCH = YES;
				CODE_SIGN_IDENTITY = "iPhone Developer";
				COPY_PHASE_STRIP = NO;
				DEBUG_INFORMATION_FORMAT = dwarf;
				ENABLE_STRICT_OBJC_MSGSEND = YES;
				ENABLE_TESTABILITY = YES;
				GCC_C_LANGUAGE_STANDARD = gnu11;
				GCC_DYNAMIC_NO_PIC = NO;
				GCC_NO_COMMON_BLOCKS = YES;
				GCC_OPTIMIZATION_LEVEL = 0;
				GCC_PREPROCESSOR_DEFINITIONS = (
					"DEBUG=1",
					"$(inherited)",
				);
				GCC_WARN_64_TO_32_BIT_CONVERSION = YES;
				GCC_WARN_ABOUT_RETURN_TYPE = YES_ERROR;
				GCC_WARN_UNDECLARED_SELECTOR = YES;
				GCC_WARN_UNINITIALIZED_AUTOS = YES_AGGRESSIVE;
				GCC_WARN_UNUSED_FUNCTION = YES;
				GCC_WARN_UNUSED_VARIABLE = YES;
				IPHONEOS_DEPLOYMENT_TARGET = 12.2;
				MTL_ENABLE_DEBUG_INFO = INCLUDE_SOURCE;
				MTL_FAST_MATH = YES;
				ONLY_ACTIVE_ARCH = YES;
				SDKROOT = iphoneos;
			};
			name = Debug;
		};
		2CFE15FC22B8D9AA00B4B359 /* Release */ = {
			isa = XCBuildConfiguration;
			buildSettings = {
				ALWAYS_SEARCH_USER_PATHS = NO;
				CLANG_ANALYZER_NONNULL = YES;
				CLANG_ANALYZER_NUMBER_OBJECT_CONVERSION = YES_AGGRESSIVE;
				CLANG_CXX_LANGUAGE_STANDARD = "gnu++14";
				CLANG_CXX_LIBRARY = "libc++";
				CLANG_ENABLE_MODULES = YES;
				CLANG_ENABLE_OBJC_ARC = YES;
				CLANG_ENABLE_OBJC_WEAK = YES;
				CLANG_WARN_BLOCK_CAPTURE_AUTORELEASING = YES;
				CLANG_WARN_BOOL_CONVERSION = YES;
				CLANG_WARN_COMMA = YES;
				CLANG_WARN_CONSTANT_CONVERSION = YES;
				CLANG_WARN_DEPRECATED_OBJC_IMPLEMENTATIONS = YES;
				CLANG_WARN_DIRECT_OBJC_ISA_USAGE = YES_ERROR;
				CLANG_WARN_DOCUMENTATION_COMMENTS = YES;
				CLANG_WARN_EMPTY_BODY = YES;
				CLANG_WARN_ENUM_CONVERSION = YES;
				CLANG_WARN_INFINITE_RECURSION = YES;
				CLANG_WARN_INT_CONVERSION = YES;
				CLANG_WARN_NON_LITERAL_NULL_CONVERSION = YES;
				CLANG_WARN_OBJC_IMPLICIT_RETAIN_SELF = YES;
				CLANG_WARN_OBJC_LITERAL_CONVERSION = YES;
				CLANG_WARN_OBJC_ROOT_CLASS = YES_ERROR;
				CLANG_WARN_RANGE_LOOP_ANALYSIS = YES;
				CLANG_WARN_STRICT_PROTOTYPES = YES;
				CLANG_WARN_SUSPICIOUS_MOVE = YES;
				CLANG_WARN_UNGUARDED_AVAILABILITY = YES_AGGRESSIVE;
				CLANG_WARN_UNREACHABLE_CODE = YES;
				CLANG_WARN__DUPLICATE_METHOD_MATCH = YES;
				CODE_SIGN_IDENTITY = "iPhone Developer";
				COPY_PHASE_STRIP = NO;
				DEBUG_INFORMATION_FORMAT = "dwarf-with-dsym";
				ENABLE_NS_ASSERTIONS = NO;
				ENABLE_STRICT_OBJC_MSGSEND = YES;
				GCC_C_LANGUAGE_STANDARD = gnu11;
				GCC_NO_COMMON_BLOCKS = YES;
				GCC_WARN_64_TO_32_BIT_CONVERSION = YES;
				GCC_WARN_ABOUT_RETURN_TYPE = YES_ERROR;
				GCC_WARN_UNDECLARED_SELECTOR = YES;
				GCC_WARN_UNINITIALIZED_AUTOS = YES_AGGRESSIVE;
				GCC_WARN_UNUSED_FUNCTION = YES;
				GCC_WARN_UNUSED_VARIABLE = YES;
				IPHONEOS_DEPLOYMENT_TARGET = 12.2;
				MTL_ENABLE_DEBUG_INFO = NO;
				MTL_FAST_MATH = YES;
				SDKROOT = iphoneos;
				VALIDATE_PRODUCT = YES;
			};
			name = Release;
		};
		2CFE15FE22B8D9AA00B4B359 /* Debug */ = {
			isa = XCBuildConfiguration;
			buildSettings = {
				ASSETCATALOG_COMPILER_APPICON_NAME = AppIcon;
				CODE_SIGN_STYLE = Automatic;
				DEVELOPMENT_TEAM = Z8345E68DL;
				INFOPLIST_FILE = MiniSafari/Info.plist;
				LD_RUNPATH_SEARCH_PATHS = (
					"$(inherited)",
					"@executable_path/Frameworks",
				);
				PRODUCT_BUNDLE_IDENTIFIER = EGB.MiniSafari;
				PRODUCT_NAME = "$(TARGET_NAME)";
				TARGETED_DEVICE_FAMILY = "1,2";
			};
			name = Debug;
		};
		2CFE15FF22B8D9AA00B4B359 /* Release */ = {
			isa = XCBuildConfiguration;
			buildSettings = {
				ASSETCATALOG_COMPILER_APPICON_NAME = AppIcon;
				CODE_SIGN_STYLE = Automatic;
				DEVELOPMENT_TEAM = Z8345E68DL;
				INFOPLIST_FILE = MiniSafari/Info.plist;
				LD_RUNPATH_SEARCH_PATHS = (
					"$(inherited)",
					"@executable_path/Frameworks",
				);
				PRODUCT_BUNDLE_IDENTIFIER = EGB.MiniSafari;
				PRODUCT_NAME = "$(TARGET_NAME)";
				TARGETED_DEVICE_FAMILY = "1,2";
			};
			name = Release;
		};
/* End XCBuildConfiguration section */

/* Begin XCConfigurationList section */
		2CFE15E222B8D9A800B4B359 /* Build configuration list for PBXProject "MiniSafari" */ = {
			isa = XCConfigurationList;
			buildConfigurations = (
				2CFE15FB22B8D9AA00B4B359 /* Debug */,
				2CFE15FC22B8D9AA00B4B359 /* Release */,
			);
			defaultConfigurationIsVisible = 0;
			defaultConfigurationName = Release;
		};
		2CFE15FD22B8D9AA00B4B359 /* Build configuration list for PBXNativeTarget "MiniSafari" */ = {
			isa = XCConfigurationList;
			buildConfigurations = (
				2CFE15FE22B8D9AA00B4B359 /* Debug */,
				2CFE15FF22B8D9AA00B4B359 /* Release */,
			);
			defaultConfigurationIsVisible = 0;
			defaultConfigurationName = Release;
		};
/* End XCConfigurationList section */
	};
	rootObject = 2CFE15DF22B8D9A800B4B359 /* Project object */;
}
